{
    "name": "vsts-azureappconfiguration-import-task",
    "version": "1.0.0",
    "lockfileVersion": 1,
    "requires": true,
    "dependencies": {
        "@azure/abort-controller": {
            "version": "1.1.0",
            "resolved": "https://pkgs.dev.azure.com/mseng/PipelineTools/_packaging/PipelineTools_PublicPackages/npm/registry/@azure/abort-controller/-/abort-controller-1.1.0.tgz",
            "integrity": "sha1-eI7nhFelWvihrTQqyxgjg9IRkkk=",
            "requires": {
                "tslib": "^2.2.0"
            }
        },
        "@azure/core-auth": {
            "version": "1.9.0",
            "resolved": "https://pkgs.dev.azure.com/mseng/PipelineTools/_packaging/PipelineTools_PublicPackages/npm/registry/@azure/core-auth/-/core-auth-1.9.0.tgz",
            "integrity": "sha1-rHJbA/q+PIkjcQZe6eIEG+4P0aw=",
            "requires": {
                "@azure/abort-controller": "^2.0.0",
                "@azure/core-util": "^1.11.0",
                "tslib": "^2.6.2"
            },
            "dependencies": {
                "@azure/abort-controller": {
                    "version": "2.1.2",
                    "resolved": "https://pkgs.dev.azure.com/mseng/PipelineTools/_packaging/PipelineTools_PublicPackages/npm/registry/@azure/abort-controller/-/abort-controller-2.1.2.tgz",
                    "integrity": "sha1-Qv4MyrI4QdmQWBLFjxCC0neEVm0=",
                    "requires": {
                        "tslib": "^2.6.2"
                    }
                }
            }
        },
        "@azure/core-client": {
            "version": "1.9.2",
            "resolved": "https://pkgs.dev.azure.com/mseng/PipelineTools/_packaging/PipelineTools_PublicPackages/npm/registry/@azure/core-client/-/core-client-1.9.2.tgz",
            "integrity": "sha1-b8ac7igWiDq2xc3WU+5PL/l3T3Q=",
            "requires": {
                "@azure/abort-controller": "^2.0.0",
                "@azure/core-auth": "^1.4.0",
                "@azure/core-rest-pipeline": "^1.9.1",
                "@azure/core-tracing": "^1.0.0",
                "@azure/core-util": "^1.6.1",
                "@azure/logger": "^1.0.0",
                "tslib": "^2.6.2"
            },
            "dependencies": {
                "@azure/abort-controller": {
                    "version": "2.1.2",
                    "resolved": "https://pkgs.dev.azure.com/mseng/PipelineTools/_packaging/PipelineTools_PublicPackages/npm/registry/@azure/abort-controller/-/abort-controller-2.1.2.tgz",
                    "integrity": "sha1-Qv4MyrI4QdmQWBLFjxCC0neEVm0=",
                    "requires": {
                        "tslib": "^2.6.2"
                    }
                }
            }
        },
        "@azure/core-rest-pipeline": {
            "version": "1.18.0",
            "resolved": "https://pkgs.dev.azure.com/mseng/PipelineTools/_packaging/PipelineTools_PublicPackages/npm/registry/@azure/core-rest-pipeline/-/core-rest-pipeline-1.18.0.tgz",
            "integrity": "sha1-Fl8c2bsQYL47aJV0LbPR8RBicdM=",
            "requires": {
                "@azure/abort-controller": "^2.0.0",
                "@azure/core-auth": "^1.8.0",
                "@azure/core-tracing": "^1.0.1",
                "@azure/core-util": "^1.11.0",
                "@azure/logger": "^1.0.0",
                "http-proxy-agent": "^7.0.0",
                "https-proxy-agent": "^7.0.0",
                "tslib": "^2.6.2"
            },
            "dependencies": {
                "@azure/abort-controller": {
                    "version": "2.1.2",
                    "resolved": "https://pkgs.dev.azure.com/mseng/PipelineTools/_packaging/PipelineTools_PublicPackages/npm/registry/@azure/abort-controller/-/abort-controller-2.1.2.tgz",
                    "integrity": "sha1-Qv4MyrI4QdmQWBLFjxCC0neEVm0=",
                    "requires": {
                        "tslib": "^2.6.2"
                    }
                }
            }
        },
        "@azure/core-tracing": {
            "version": "1.2.0",
            "resolved": "https://pkgs.dev.azure.com/mseng/PipelineTools/_packaging/PipelineTools_PublicPackages/npm/registry/@azure/core-tracing/-/core-tracing-1.2.0.tgz",
            "integrity": "sha1-e+XVPDUi1jnPGQQsvNsZ9xvDWrI=",
            "requires": {
                "tslib": "^2.6.2"
            }
        },
        "@azure/core-util": {
            "version": "1.11.0",
            "resolved": "https://pkgs.dev.azure.com/mseng/PipelineTools/_packaging/PipelineTools_PublicPackages/npm/registry/@azure/core-util/-/core-util-1.11.0.tgz",
            "integrity": "sha1-9TD8Z+c4rqhy+90cyEFucCGfrac=",
            "requires": {
                "@azure/abort-controller": "^2.0.0",
                "tslib": "^2.6.2"
            },
            "dependencies": {
                "@azure/abort-controller": {
                    "version": "2.1.2",
                    "resolved": "https://pkgs.dev.azure.com/mseng/PipelineTools/_packaging/PipelineTools_PublicPackages/npm/registry/@azure/abort-controller/-/abort-controller-2.1.2.tgz",
                    "integrity": "sha1-Qv4MyrI4QdmQWBLFjxCC0neEVm0=",
                    "requires": {
                        "tslib": "^2.6.2"
                    }
                }
            }
        },
        "@azure/identity": {
            "version": "4.2.1",
            "resolved": "https://pkgs.dev.azure.com/mseng/PipelineTools/_packaging/PipelineTools_PublicPackages/npm/registry/@azure/identity/-/identity-4.2.1.tgz",
            "integrity": "sha1-IrNmIB6Ym3tBwOFpDhA71XnDHkw=",
            "requires": {
                "@azure/abort-controller": "^1.0.0",
                "@azure/core-auth": "^1.5.0",
                "@azure/core-client": "^1.4.0",
                "@azure/core-rest-pipeline": "^1.1.0",
                "@azure/core-tracing": "^1.0.0",
                "@azure/core-util": "^1.3.0",
                "@azure/logger": "^1.0.0",
                "@azure/msal-browser": "^3.11.1",
                "@azure/msal-node": "^2.9.2",
                "events": "^3.0.0",
                "jws": "^4.0.0",
                "open": "^8.0.0",
                "stoppable": "^1.1.0",
                "tslib": "^2.2.0"
            }
        },
        "@azure/logger": {
            "version": "1.1.4",
            "resolved": "https://pkgs.dev.azure.com/mseng/PipelineTools/_packaging/PipelineTools_PublicPackages/npm/registry/@azure/logger/-/logger-1.1.4.tgz",
            "integrity": "sha1-Ijy/K0JN+mZHjOmk9XX1nG83l2g=",
            "requires": {
                "tslib": "^2.6.2"
            }
        },
        "@azure/msal-browser": {
            "version": "3.27.0",
            "resolved": "https://pkgs.dev.azure.com/mseng/PipelineTools/_packaging/PipelineTools_PublicPackages/npm/registry/@azure/msal-browser/-/msal-browser-3.27.0.tgz",
            "integrity": "sha1-tvAvc8jhAtPxFQCbRndTn7Fz/is=",
            "requires": {
                "@azure/msal-common": "14.16.0"
            }
        },
        "@azure/msal-common": {
            "version": "14.16.0",
            "resolved": "https://pkgs.dev.azure.com/mseng/PipelineTools/_packaging/PipelineTools_PublicPackages/npm/registry/@azure/msal-common/-/msal-common-14.16.0.tgz",
            "integrity": "sha1-80cPyux4jb5QhZlSzUmTQL2iPXo="
        },
        "@azure/msal-node": {
            "version": "2.16.2",
            "resolved": "https://pkgs.dev.azure.com/mseng/PipelineTools/_packaging/PipelineTools_PublicPackages/npm/registry/@azure/msal-node/-/msal-node-2.16.2.tgz",
            "integrity": "sha1-Prdo02iD6m+ak5wLW0Z7UY54//w=",
            "requires": {
                "@azure/msal-common": "14.16.0",
                "jsonwebtoken": "^9.0.0",
                "uuid": "^8.3.0"
            }
        },
        "buffer-equal-constant-time": {
            "version": "1.0.1",
            "resolved": "https://pkgs.dev.azure.com/mseng/PipelineTools/_packaging/PipelineTools_PublicPackages/npm/registry/buffer-equal-constant-time/-/buffer-equal-constant-time-1.0.1.tgz",
            "integrity": "sha1-+OcRMvf/5uAaXJaXpMbz5I1cyBk="
        },
        "debug": {
            "version": "4.3.7",
            "resolved": "https://pkgs.dev.azure.com/mseng/PipelineTools/_packaging/PipelineTools_PublicPackages/npm/registry/debug/-/debug-4.3.7.tgz",
            "integrity": "sha1-h5RbQVGgEddtlaGY1xEchlw2ClI=",
            "requires": {
                "ms": "^2.1.3"
            }
        },
        "define-lazy-prop": {
            "version": "2.0.0",
            "resolved": "https://pkgs.dev.azure.com/mseng/PipelineTools/_packaging/PipelineTools_PublicPackages/npm/registry/define-lazy-prop/-/define-lazy-prop-2.0.0.tgz",
            "integrity": "sha1-P3rkIRKbyqrJvHSQXJigAJ7J7n8="
        },
        "ecdsa-sig-formatter": {
            "version": "1.0.11",
            "resolved": "https://pkgs.dev.azure.com/mseng/PipelineTools/_packaging/PipelineTools_PublicPackages/npm/registry/ecdsa-sig-formatter/-/ecdsa-sig-formatter-1.0.11.tgz",
            "integrity": "sha1-rg8PothQRe8UqBfao86azQSJ5b8=",
            "requires": {
                "safe-buffer": "^5.0.1"
            }
        },
        "events": {
            "version": "3.3.0",
            "resolved": "https://pkgs.dev.azure.com/mseng/PipelineTools/_packaging/PipelineTools_PublicPackages/npm/registry/events/-/events-3.3.0.tgz",
            "integrity": "sha1-Mala0Kkk4tLEGagTrrLE6HjqdAA="
        },
        "http-proxy-agent": {
            "version": "7.0.2",
            "resolved": "https://pkgs.dev.azure.com/mseng/PipelineTools/_packaging/PipelineTools_PublicPackages/npm/registry/http-proxy-agent/-/http-proxy-agent-7.0.2.tgz",
            "integrity": "sha1-mosfJGhmwChQlIZYX2K48sGMJw4=",
            "requires": {
                "agent-base": "^7.1.0",
                "debug": "^4.3.4"
            },
            "dependencies": {
                "agent-base": {
                    "version": "7.1.1",
                    "resolved": "https://pkgs.dev.azure.com/mseng/PipelineTools/_packaging/PipelineTools_PublicPackages/npm/registry/agent-base/-/agent-base-7.1.1.tgz",
                    "integrity": "sha1-vb3tffsJa3UaKgh+7rlmRyWy4xc=",
                    "requires": {
                        "debug": "^4.3.4"
                    }
                }
            }
        },
        "https-proxy-agent": {
            "version": "7.0.5",
            "resolved": "https://pkgs.dev.azure.com/mseng/PipelineTools/_packaging/PipelineTools_PublicPackages/npm/registry/https-proxy-agent/-/https-proxy-agent-7.0.5.tgz",
            "integrity": "sha1-notQE4cymeEfq2/VSEBdotbGArI=",
            "requires": {
                "agent-base": "^7.0.2",
                "debug": "4"
            },
            "dependencies": {
                "agent-base": {
                    "version": "7.1.1",
                    "resolved": "https://pkgs.dev.azure.com/mseng/PipelineTools/_packaging/PipelineTools_PublicPackages/npm/registry/agent-base/-/agent-base-7.1.1.tgz",
                    "integrity": "sha1-vb3tffsJa3UaKgh+7rlmRyWy4xc=",
                    "requires": {
                        "debug": "^4.3.4"
                    }
                }
            }
        },
        "is-docker": {
            "version": "2.2.1",
            "resolved": "https://pkgs.dev.azure.com/mseng/PipelineTools/_packaging/PipelineTools_PublicPackages/npm/registry/is-docker/-/is-docker-2.2.1.tgz",
            "integrity": "sha1-M+6r4jz+hvFL3kQIoCwM+4U6zao="
        },
        "is-wsl": {
            "version": "2.2.0",
            "resolved": "https://pkgs.dev.azure.com/mseng/PipelineTools/_packaging/PipelineTools_PublicPackages/npm/registry/is-wsl/-/is-wsl-2.2.0.tgz",
            "integrity": "sha1-dKTHbnfKn9P5MvKQwX6jJs0VcnE=",
            "requires": {
                "is-docker": "^2.0.0"
            }
        },
        "jsonwebtoken": {
            "version": "9.0.2",
            "resolved": "https://pkgs.dev.azure.com/mseng/PipelineTools/_packaging/PipelineTools_PublicPackages/npm/registry/jsonwebtoken/-/jsonwebtoken-9.0.2.tgz",
            "integrity": "sha1-Zf+R9KvvF4RpfUCVK7GZjFBMqvM=",
            "requires": {
                "jws": "^3.2.2",
                "lodash.includes": "^4.3.0",
                "lodash.isboolean": "^3.0.3",
                "lodash.isinteger": "^4.0.4",
                "lodash.isnumber": "^3.0.3",
                "lodash.isplainobject": "^4.0.6",
                "lodash.isstring": "^4.0.1",
                "lodash.once": "^4.0.0",
                "ms": "^2.1.1",
                "semver": "^7.5.4"
            },
            "dependencies": {
                "jws": {
                    "version": "3.2.2",
                    "resolved": "https://pkgs.dev.azure.com/mseng/PipelineTools/_packaging/PipelineTools_PublicPackages/npm/registry/jws/-/jws-3.2.2.tgz",
                    "integrity": "sha1-ABCZ82OUaMlBQADpmZX6UvtHgwQ=",
                    "requires": {
                        "jwa": "^1.4.1",
                        "safe-buffer": "^5.0.1"
                    }
                }
            }
        },
        "jwa": {
            "version": "1.4.1",
            "resolved": "https://pkgs.dev.azure.com/mseng/PipelineTools/_packaging/PipelineTools_PublicPackages/npm/registry/jwa/-/jwa-1.4.1.tgz",
            "integrity": "sha1-dDwymFy56YZVUw1TZBtmyGRbA5o=",
            "requires": {
                "buffer-equal-constant-time": "1.0.1",
                "ecdsa-sig-formatter": "1.0.11",
                "safe-buffer": "^5.0.1"
            }
        },
        "jws": {
            "version": "4.0.0",
            "resolved": "https://pkgs.dev.azure.com/mseng/PipelineTools/_packaging/PipelineTools_PublicPackages/npm/registry/jws/-/jws-4.0.0.tgz",
            "integrity": "sha1-LU6M9qMY/6oSYV6d7H6G5slzEPQ=",
            "requires": {
                "jwa": "^2.0.0",
                "safe-buffer": "^5.0.1"
            },
            "dependencies": {
                "jwa": {
                    "version": "2.0.0",
                    "resolved": "https://pkgs.dev.azure.com/mseng/PipelineTools/_packaging/PipelineTools_PublicPackages/npm/registry/jwa/-/jwa-2.0.0.tgz",
                    "integrity": "sha1-p+nD8p2ulAJ+vK9Jl1yTRVk0EPw=",
                    "requires": {
                        "buffer-equal-constant-time": "1.0.1",
                        "ecdsa-sig-formatter": "1.0.11",
                        "safe-buffer": "^5.0.1"
                    }
                }
            }
        },
        "lodash.includes": {
            "version": "4.3.0",
            "resolved": "https://pkgs.dev.azure.com/mseng/PipelineTools/_packaging/PipelineTools_PublicPackages/npm/registry/lodash.includes/-/lodash.includes-4.3.0.tgz",
            "integrity": "sha1-YLuYqHy5I8aMoeUTJUgzFISfVT8="
        },
        "lodash.isboolean": {
            "version": "3.0.3",
            "resolved": "https://pkgs.dev.azure.com/mseng/PipelineTools/_packaging/PipelineTools_PublicPackages/npm/registry/lodash.isboolean/-/lodash.isboolean-3.0.3.tgz",
            "integrity": "sha1-bC4XHbKiV82WgC/UOwGyDV9YcPY="
        },
        "lodash.isinteger": {
            "version": "4.0.4",
            "resolved": "https://pkgs.dev.azure.com/mseng/PipelineTools/_packaging/PipelineTools_PublicPackages/npm/registry/lodash.isinteger/-/lodash.isinteger-4.0.4.tgz",
            "integrity": "sha1-YZwK89A/iwTDH1iChAt3sRzWg0M="
        },
        "lodash.isnumber": {
            "version": "3.0.3",
            "resolved": "https://pkgs.dev.azure.com/mseng/PipelineTools/_packaging/PipelineTools_PublicPackages/npm/registry/lodash.isnumber/-/lodash.isnumber-3.0.3.tgz",
            "integrity": "sha1-POdoEMWSjQM1IwGsKHMX8RwLH/w="
        },
        "lodash.isplainobject": {
            "version": "4.0.6",
            "resolved": "https://pkgs.dev.azure.com/mseng/PipelineTools/_packaging/PipelineTools_PublicPackages/npm/registry/lodash.isplainobject/-/lodash.isplainobject-4.0.6.tgz",
            "integrity": "sha1-fFJqUtibRcRcxpC4gWO+BJf1UMs="
        },
        "lodash.isstring": {
            "version": "4.0.1",
            "resolved": "https://pkgs.dev.azure.com/mseng/PipelineTools/_packaging/PipelineTools_PublicPackages/npm/registry/lodash.isstring/-/lodash.isstring-4.0.1.tgz",
            "integrity": "sha1-1SfftUVuynzJu5XV2ur4i6VKVFE="
        },
        "lodash.once": {
            "version": "4.1.1",
            "resolved": "https://pkgs.dev.azure.com/mseng/PipelineTools/_packaging/PipelineTools_PublicPackages/npm/registry/lodash.once/-/lodash.once-4.1.1.tgz",
            "integrity": "sha1-DdOXEhPHxW34gJd9UEyI+0cal6w="
        },
        "ms": {
            "version": "2.1.3",
            "resolved": "https://pkgs.dev.azure.com/mseng/PipelineTools/_packaging/PipelineTools_PublicPackages/npm/registry/ms/-/ms-2.1.3.tgz",
            "integrity": "sha1-V0yBOM4dK1hh8LRFedut1gxmFbI="
        },
        "open": {
            "version": "8.4.2",
            "resolved": "https://pkgs.dev.azure.com/mseng/PipelineTools/_packaging/PipelineTools_PublicPackages/npm/registry/open/-/open-8.4.2.tgz",
            "integrity": "sha1-W1/+Ko95Pc0qrXPlUMuHtZywhPk=",
            "requires": {
                "define-lazy-prop": "^2.0.0",
                "is-docker": "^2.1.1",
                "is-wsl": "^2.2.0"
            }
        },
        "safe-buffer": {
            "version": "5.2.1",
            "resolved": "https://pkgs.dev.azure.com/mseng/PipelineTools/_packaging/PipelineTools_PublicPackages/npm/registry/safe-buffer/-/safe-buffer-5.2.1.tgz",
            "integrity": "sha1-Hq+fqb2x/dTsdfWPnNtOa3gn7sY="
        },
        "semver": {
            "version": "7.6.3",
            "resolved": "https://pkgs.dev.azure.com/mseng/PipelineTools/_packaging/PipelineTools_PublicPackages/npm/registry/semver/-/semver-7.6.3.tgz",
            "integrity": "sha1-mA97VVC8F1+03AlAMIVif56zMUM="
        },
        "stoppable": {
            "version": "1.1.0",
            "resolved": "https://pkgs.dev.azure.com/mseng/PipelineTools/_packaging/PipelineTools_PublicPackages/npm/registry/stoppable/-/stoppable-1.1.0.tgz",
            "integrity": "sha1-MtpWjoPqSIsI5NfqLDvMnXUBXVs="
        },
        "tslib": {
            "version": "2.8.1",
            "resolved": "https://pkgs.dev.azure.com/mseng/PipelineTools/_packaging/PipelineTools_PublicPackages/npm/registry/tslib/-/tslib-2.8.1.tgz",
            "integrity": "sha1-YS7+TtI11Wfoq6Xypfq3AoCt6D8="
        },
        "uuid": {
            "version": "8.3.2",
            "resolved": "https://pkgs.dev.azure.com/mseng/PipelineTools/_packaging/PipelineTools_PublicPackages/npm/registry/uuid/-/uuid-8.3.2.tgz",
            "integrity": "sha1-gNW1ztJxu5r2xEXyGhoExgbO++I="
        }
    }
}
